// !$*UTF8*$!
{
	archiveVersion = 1;
	classes = {
	};
	objectVersion = 50;
	objects = {

/* Begin PBXBuildFile section */
		2A7D760C26FC229B00E1B17B /* AppDelegate.swift in Sources */ = {isa = PBXBuildFile; fileRef = 2A7D760B26FC229B00E1B17B /* AppDelegate.swift */; };
		2A7D760E26FC229B00E1B17B /* SceneDelegate.swift in Sources */ = {isa = PBXBuildFile; fileRef = 2A7D760D26FC229B00E1B17B /* SceneDelegate.swift */; };
		2A7D761026FC229B00E1B17B /* ViewController.swift in Sources */ = {isa = PBXBuildFile; fileRef = 2A7D760F26FC229B00E1B17B /* ViewController.swift */; };
		2A7D761326FC229B00E1B17B /* Main.storyboard in Resources */ = {isa = PBXBuildFile; fileRef = 2A7D761126FC229B00E1B17B /* Main.storyboard */; };
		2A7D761526FC229B00E1B17B /* Assets.xcassets in Resources */ = {isa = PBXBuildFile; fileRef = 2A7D761426FC229B00E1B17B /* Assets.xcassets */; };
		2A7D761826FC229B00E1B17B /* LaunchScreen.storyboard in Resources */ = {isa = PBXBuildFile; fileRef = 2A7D761626FC229B00E1B17B /* LaunchScreen.storyboard */; };
		2A7D762326FC229B00E1B17B /* Image_ProjectTests.swift in Sources */ = {isa = PBXBuildFile; fileRef = 2A7D762226FC229B00E1B17B /* Image_ProjectTests.swift */; };
		2A7D762E26FC229B00E1B17B /* Image_ProjectUITests.swift in Sources */ = {isa = PBXBuildFile; fileRef = 2A7D762D26FC229B00E1B17B /* Image_ProjectUITests.swift */; };
/* End PBXBuildFile section */

/* Begin PBXContainerItemProxy section */
		2A7D761F26FC229B00E1B17B /* PBXContainerItemProxy */ = {
			isa = PBXContainerItemProxy;
			containerPortal = 2A7D760026FC229A00E1B17B /* Project object */;
			proxyType = 1;
			remoteGlobalIDString = 2A7D760726FC229B00E1B17B;
			remoteInfo = "Image Project";
		};
		2A7D762A26FC229B00E1B17B /* PBXContainerItemProxy */ = {
			isa = PBXContainerItemProxy;
			containerPortal = 2A7D760026FC229A00E1B17B /* Project object */;
			proxyType = 1;
			remoteGlobalIDString = 2A7D760726FC229B00E1B17B;
			remoteInfo = "Image Project";
		};
/* End PBXContainerItemProxy section */

/* Begin PBXFileReference section */
		2A7D760826FC229B00E1B17B /* Image Project.app */ = {isa = PBXFileReference; explicitFileType = wrapper.application; includeInIndex = 0; path = "Image Project.app"; sourceTree = BUILT_PRODUCTS_DIR; };
		2A7D760B26FC229B00E1B17B /* AppDelegate.swift */ = {isa = PBXFileReference; lastKnownFileType = sourcecode.swift; path = AppDelegate.swift; sourceTree = "<group>"; };
		2A7D760D26FC229B00E1B17B /* SceneDelegate.swift */ = {isa = PBXFileReference; lastKnownFileType = sourcecode.swift; path = SceneDelegate.swift; sourceTree = "<group>"; };
		2A7D760F26FC229B00E1B17B /* ViewController.swift */ = {isa = PBXFileReference; lastKnownFileType = sourcecode.swift; path = ViewController.swift; sourceTree = "<group>"; };
		2A7D761226FC229B00E1B17B /* Base */ = {isa = PBXFileReference; lastKnownFileType = file.storyboard; name = Base; path = Base.lproj/Main.storyboard; sourceTree = "<group>"; };
		2A7D761426FC229B00E1B17B /* Assets.xcassets */ = {isa = PBXFileReference; lastKnownFileType = folder.assetcatalog; path = Assets.xcassets; sourceTree = "<group>"; };
		2A7D761726FC229B00E1B17B /* Base */ = {isa = PBXFileReference; lastKnownFileType = file.storyboard; name = Base; path = Base.lproj/LaunchScreen.storyboard; sourceTree = "<group>"; };
		2A7D761926FC229B00E1B17B /* Info.plist */ = {isa = PBXFileReference; lastKnownFileType = text.plist.xml; path = Info.plist; sourceTree = "<group>"; };
		2A7D761E26FC229B00E1B17B /* Image ProjectTests.xctest */ = {isa = PBXFileReference; explicitFileType = wrapper.cfbundle; includeInIndex = 0; path = "Image ProjectTests.xctest"; sourceTree = BUILT_PRODUCTS_DIR; };
		2A7D762226FC229B00E1B17B /* Image_ProjectTests.swift */ = {isa = PBXFileReference; lastKnownFileType = sourcecode.swift; path = Image_ProjectTests.swift; sourceTree = "<group>"; };
		2A7D762426FC229B00E1B17B /* Info.plist */ = {isa = PBXFileReference; lastKnownFileType = text.plist.xml; path = Info.plist; sourceTree = "<group>"; };
		2A7D762926FC229B00E1B17B /* Image ProjectUITests.xctest */ = {isa = PBXFileReference; explicitFileType = wrapper.cfbundle; includeInIndex = 0; path = "Image ProjectUITests.xctest"; sourceTree = BUILT_PRODUCTS_DIR; };
		2A7D762D26FC229B00E1B17B /* Image_ProjectUITests.swift */ = {isa = PBXFileReference; lastKnownFileType = sourcecode.swift; path = Image_ProjectUITests.swift; sourceTree = "<group>"; };
		2A7D762F26FC229B00E1B17B /* Info.plist */ = {isa = PBXFileReference; lastKnownFileType = text.plist.xml; path = Info.plist; sourceTree = "<group>"; };
/* End PBXFileReference section */

/* Begin PBXFrameworksBuildPhase section */
		2A7D760526FC229B00E1B17B /* Frameworks */ = {
			isa = PBXFrameworksBuildPhase;
			buildActionMask = 2147483647;
			files = (
			);
			runOnlyForDeploymentPostprocessing = 0;
		};
		2A7D761B26FC229B00E1B17B /* Frameworks */ = {
			isa = PBXFrameworksBuildPhase;
			buildActionMask = 2147483647;
			files = (
			);
			runOnlyForDeploymentPostprocessing = 0;
		};
		2A7D762626FC229B00E1B17B /* Frameworks */ = {
			isa = PBXFrameworksBuildPhase;
			buildActionMask = 2147483647;
			files = (
			);
			runOnlyForDeploymentPostprocessing = 0;
		};
/* End PBXFrameworksBuildPhase section */

/* Begin PBXGroup section */
		2A7D75FF26FC229A00E1B17B = {
			isa = PBXGroup;
			children = (
				2A7D760A26FC229B00E1B17B /* Image Project */,
				2A7D762126FC229B00E1B17B /* Image ProjectTests */,
				2A7D762C26FC229B00E1B17B /* Image ProjectUITests */,
				2A7D760926FC229B00E1B17B /* Products */,
			);
			sourceTree = "<group>";
		};
		2A7D760926FC229B00E1B17B /* Products */ = {
			isa = PBXGroup;
			children = (
				2A7D760826FC229B00E1B17B /* Image Project.app */,
				2A7D761E26FC229B00E1B17B /* Image ProjectTests.xctest */,
				2A7D762926FC229B00E1B17B /* Image ProjectUITests.xctest */,
			);
			name = Products;
			sourceTree = "<group>";
		};
		2A7D760A26FC229B00E1B17B /* Image Project */ = {
			isa = PBXGroup;
			children = (
				2A7D760B26FC229B00E1B17B /* AppDelegate.swift */,
				2A7D760D26FC229B00E1B17B /* SceneDelegate.swift */,
				2A7D760F26FC229B00E1B17B /* ViewController.swift */,
				2A7D761126FC229B00E1B17B /* Main.storyboard */,
				2A7D761426FC229B00E1B17B /* Assets.xcassets */,
				2A7D761626FC229B00E1B17B /* LaunchScreen.storyboard */,
				2A7D761926FC229B00E1B17B /* Info.plist */,
			);
			path = "Image Project";
			sourceTree = "<group>";
		};
		2A7D762126FC229B00E1B17B /* Image ProjectTests */ = {
			isa = PBXGroup;
			children = (
				2A7D762226FC229B00E1B17B /* Image_ProjectTests.swift */,
				2A7D762426FC229B00E1B17B /* Info.plist */,
			);
			path = "Image ProjectTests";
			sourceTree = "<group>";
		};
		2A7D762C26FC229B00E1B17B /* Image ProjectUITests */ = {
			isa = PBXGroup;
			children = (
				2A7D762D26FC229B00E1B17B /* Image_ProjectUITests.swift */,
				2A7D762F26FC229B00E1B17B /* Info.plist */,
			);
			path = "Image ProjectUITests";
			sourceTree = "<group>";
		};
/* End PBXGroup section */

/* Begin PBXNativeTarget section */
		2A7D760726FC229B00E1B17B /* Image Project */ = {
			isa = PBXNativeTarget;
			buildConfigurationList = 2A7D763226FC229B00E1B17B /* Build configuration list for PBXNativeTarget "Image Project" */;
			buildPhases = (
				2A7D760426FC229B00E1B17B /* Sources */,
				2A7D760526FC229B00E1B17B /* Frameworks */,
				2A7D760626FC229B00E1B17B /* Resources */,
			);
			buildRules = (
			);
			dependencies = (
			);
			name = "Image Project";
			productName = "Image Project";
			productReference = 2A7D760826FC229B00E1B17B /* Image Project.app */;
			productType = "com.apple.product-type.application";
		};
		2A7D761D26FC229B00E1B17B /* Image ProjectTests */ = {
			isa = PBXNativeTarget;
			buildConfigurationList = 2A7D763526FC229B00E1B17B /* Build configuration list for PBXNativeTarget "Image ProjectTests" */;
			buildPhases = (
				2A7D761A26FC229B00E1B17B /* Sources */,
				2A7D761B26FC229B00E1B17B /* Frameworks */,
				2A7D761C26FC229B00E1B17B /* Resources */,
			);
			buildRules = (
			);
			dependencies = (
				2A7D762026FC229B00E1B17B /* PBXTargetDependency */,
			);
			name = "Image ProjectTests";
			productName = "Image ProjectTests";
			productReference = 2A7D761E26FC229B00E1B17B /* Image ProjectTests.xctest */;
			productType = "com.apple.product-type.bundle.unit-test";
		};
		2A7D762826FC229B00E1B17B /* Image ProjectUITests */ = {
			isa = PBXNativeTarget;
			buildConfigurationList = 2A7D763826FC229B00E1B17B /* Build configuration list for PBXNativeTarget "Image ProjectUITests" */;
			buildPhases = (
				2A7D762526FC229B00E1B17B /* Sources */,
				2A7D762626FC229B00E1B17B /* Frameworks */,
				2A7D762726FC229B00E1B17B /* Resources */,
			);
			buildRules = (
			);
			dependencies = (
				2A7D762B26FC229B00E1B17B /* PBXTargetDependency */,
			);
			name = "Image ProjectUITests";
			productName = "Image ProjectUITests";
			productReference = 2A7D762926FC229B00E1B17B /* Image ProjectUITests.xctest */;
			productType = "com.apple.product-type.bundle.ui-testing";
		};
/* End PBXNativeTarget section */

/* Begin PBXProject section */
		2A7D760026FC229A00E1B17B /* Project object */ = {
			isa = PBXProject;
			attributes = {
				LastSwiftUpdateCheck = 1240;
				LastUpgradeCheck = 1240;
				TargetAttributes = {
					2A7D760726FC229B00E1B17B = {
						CreatedOnToolsVersion = 12.4;
					};
					2A7D761D26FC229B00E1B17B = {
						CreatedOnToolsVersion = 12.4;
						TestTargetID = 2A7D760726FC229B00E1B17B;
					};
					2A7D762826FC229B00E1B17B = {
						CreatedOnToolsVersion = 12.4;
						TestTargetID = 2A7D760726FC229B00E1B17B;
					};
				};
			};
			buildConfigurationList = 2A7D760326FC229A00E1B17B /* Build configuration list for PBXProject "Image Project" */;
			compatibilityVersion = "Xcode 9.3";
			developmentRegion = en;
			hasScannedForEncodings = 0;
			knownRegions = (
				en,
				Base,
			);
			mainGroup = 2A7D75FF26FC229A00E1B17B;
			productRefGroup = 2A7D760926FC229B00E1B17B /* Products */;
			projectDirPath = "";
			projectRoot = "";
			targets = (
				2A7D760726FC229B00E1B17B /* Image Project */,
				2A7D761D26FC229B00E1B17B /* Image ProjectTests */,
				2A7D762826FC229B00E1B17B /* Image ProjectUITests */,
			);
		};
/* End PBXProject section */

/* Begin PBXResourcesBuildPhase section */
		2A7D760626FC229B00E1B17B /* Resources */ = {
			isa = PBXResourcesBuildPhase;
			buildActionMask = 2147483647;
			files = (
				2A7D761826FC229B00E1B17B /* LaunchScreen.storyboard in Resources */,
				2A7D761526FC229B00E1B17B /* Assets.xcassets in Resources */,
				2A7D761326FC229B00E1B17B /* Main.storyboard in Resources */,
			);
			runOnlyForDeploymentPostprocessing = 0;
		};
		2A7D761C26FC229B00E1B17B /* Resources */ = {
			isa = PBXResourcesBuildPhase;
			buildActionMask = 2147483647;
			files = (
			);
			runOnlyForDeploymentPostprocessing = 0;
		};
		2A7D762726FC229B00E1B17B /* Resources */ = {
			isa = PBXResourcesBuildPhase;
			buildActionMask = 2147483647;
			files = (
			);
			runOnlyForDeploymentPostprocessing = 0;
		};
/* End PBXResourcesBuildPhase section */

/* Begin PBXSourcesBuildPhase section */
		2A7D760426FC229B00E1B17B /* Sources */ = {
			isa = PBXSourcesBuildPhase;
			buildActionMask = 2147483647;
			files = (
				2A7D761026FC229B00E1B17B /* ViewController.swift in Sources */,
				2A7D760C26FC229B00E1B17B /* AppDelegate.swift in Sources */,
				2A7D760E26FC229B00E1B17B /* SceneDelegate.swift in Sources */,
			);
			runOnlyForDeploymentPostprocessing = 0;
		};
		2A7D761A26FC229B00E1B17B /* Sources */ = {
			isa = PBXSourcesBuildPhase;
			buildActionMask = 2147483647;
			files = (
				2A7D762326FC229B00E1B17B /* Image_ProjectTests.swift in Sources */,
			);
			runOnlyForDeploymentPostprocessing = 0;
		};
		2A7D762526FC229B00E1B17B /* Sources */ = {
			isa = PBXSourcesBuildPhase;
			buildActionMask = 2147483647;
			files = (
				2A7D762E26FC229B00E1B17B /* Image_ProjectUITests.swift in Sources */,
			);
			runOnlyForDeploymentPostprocessing = 0;
		};
/* End PBXSourcesBuildPhase section */

/* Begin PBXTargetDependency section */
		2A7D762026FC229B00E1B17B /* PBXTargetDependency */ = {
			isa = PBXTargetDependency;
			target = 2A7D760726FC229B00E1B17B /* Image Project */;
			targetProxy = 2A7D761F26FC229B00E1B17B /* PBXContainerItemProxy */;
		};
		2A7D762B26FC229B00E1B17B /* PBXTargetDependency */ = {
			isa = PBXTargetDependency;
			target = 2A7D760726FC229B00E1B17B /* Image Project */;
			targetProxy = 2A7D762A26FC229B00E1B17B /* PBXContainerItemProxy */;
		};
/* End PBXTargetDependency section */

/* Begin PBXVariantGroup section */
		2A7D761126FC229B00E1B17B /* Main.storyboard */ = {
			isa = PBXVariantGroup;
			children = (
				2A7D761226FC229B00E1B17B /* Base */,
			);
			name = Main.storyboard;
			sourceTree = "<group>";
		};
		2A7D761626FC229B00E1B17B /* LaunchScreen.storyboard */ = {
			isa = PBXVariantGroup;
			children = (
				2A7D761726FC229B00E1B17B /* Base */,
			);
			name = LaunchScreen.storyboard;
			sourceTree = "<group>";
		};
/* End PBXVariantGroup section */

/* Begin XCBuildConfiguration section */
		2A7D763026FC229B00E1B17B /* Debug */ = {
			isa = XCBuildConfiguration;
			buildSettings = {
				ALWAYS_SEARCH_USER_PATHS = NO;
				CLANG_ANALYZER_NONNULL = YES;
				CLANG_ANALYZER_NUMBER_OBJECT_CONVERSION = YES_AGGRESSIVE;
				CLANG_CXX_LANGUAGE_STANDARD = "gnu++14";
				CLANG_CXX_LIBRARY = "libc++";
				CLANG_ENABLE_MODULES = YES;
				CLANG_ENABLE_OBJC_ARC = YES;
				CLANG_ENABLE_OBJC_WEAK = YES;
				CLANG_WARN_BLOCK_CAPTURE_AUTORELEASING = YES;
				CLANG_WARN_BOOL_CONVERSION = YES;
				CLANG_WARN_COMMA = YES;
				CLANG_WARN_CONSTANT_CONVERSION = YES;
				CLANG_WARN_DEPRECATED_OBJC_IMPLEMENTATIONS = YES;
				CLANG_WARN_DIRECT_OBJC_ISA_USAGE = YES_ERROR;
				CLANG_WARN_DOCUMENTATION_COMMENTS = YES;
				CLANG_WARN_EMPTY_BODY = YES;
				CLANG_WARN_ENUM_CONVERSION = YES;
				CLANG_WARN_INFINITE_RECURSION = YES;
				CLANG_WARN_INT_CONVERSION = YES;
				CLANG_WARN_NON_LITERAL_NULL_CONVERSION = YES;
				CLANG_WARN_OBJC_IMPLICIT_RETAIN_SELF = YES;
				CLANG_WARN_OBJC_LITERAL_CONVERSION = YES;
				CLANG_WARN_OBJC_ROOT_CLASS = YES_ERROR;
				CLANG_WARN_QUOTED_INCLUDE_IN_FRAMEWORK_HEADER = YES;
				CLANG_WARN_RANGE_LOOP_ANALYSIS = YES;
				CLANG_WARN_STRICT_PROTOTYPES = YES;
				CLANG_WARN_SUSPICIOUS_MOVE = YES;
				CLANG_WARN_UNGUARDED_AVAILABILITY = YES_AGGRESSIVE;
				CLANG_WARN_UNREACHABLE_CODE = YES;
				CLANG_WARN__DUPLICATE_METHOD_MATCH = YES;
				COPY_PHASE_STRIP = NO;
				DEBUG_INFORMATION_FORMAT = dwarf;
				ENABLE_STRICT_OBJC_MSGSEND = YES;
				ENABLE_TESTABILITY = YES;
				GCC_C_LANGUAGE_STANDARD = gnu11;
				GCC_DYNAMIC_NO_PIC = NO;
				GCC_NO_COMMON_BLOCKS = YES;
				GCC_OPTIMIZATION_LEVEL = 0;
				GCC_PREPROCESSOR_DEFINITIONS = (
					"DEBUG=1",
					"$(inherited)",
				);
				GCC_WARN_64_TO_32_BIT_CONVERSION = YES;
				GCC_WARN_ABOUT_RETURN_TYPE = YES_ERROR;
				GCC_WARN_UNDECLARED_SELECTOR = YES;
				GCC_WARN_UNINITIALIZED_AUTOS = YES_AGGRESSIVE;
				GCC_WARN_UNUSED_FUNCTION = YES;
				GCC_WARN_UNUSED_VARIABLE = YES;
				IPHONEOS_DEPLOYMENT_TARGET = 14.4;
				MTL_ENABLE_DEBUG_INFO = INCLUDE_SOURCE;
				MTL_FAST_MATH = YES;
				ONLY_ACTIVE_ARCH = YES;
				SDKROOT = iphoneos;
				SWIFT_ACTIVE_COMPILATION_CONDITIONS = DEBUG;
				SWIFT_OPTIMIZATION_LEVEL = "-Onone";
			};
			name = Debug;
		};
		2A7D763126FC229B00E1B17B /* Release */ = {
			isa = XCBuildConfiguration;
			buildSettings = {
				ALWAYS_SEARCH_USER_PATHS = NO;
				CLANG_ANALYZER_NONNULL = YES;
				CLANG_ANALYZER_NUMBER_OBJECT_CONVERSION = YES_AGGRESSIVE;
				CLANG_CXX_LANGUAGE_STANDARD = "gnu++14";
				CLANG_CXX_LIBRARY = "libc++";
				CLANG_ENABLE_MODULES = YES;
				CLANG_ENABLE_OBJC_ARC = YES;
				CLANG_ENABLE_OBJC_WEAK = YES;
				CLANG_WARN_BLOCK_CAPTURE_AUTORELEASING = YES;
				CLANG_WARN_BOOL_CONVERSION = YES;
				CLANG_WARN_COMMA = YES;
				CLANG_WARN_CONSTANT_CONVERSION = YES;
				CLANG_WARN_DEPRECATED_OBJC_IMPLEMENTATIONS = YES;
				CLANG_WARN_DIRECT_OBJC_ISA_USAGE = YES_ERROR;
				CLANG_WARN_DOCUMENTATION_COMMENTS = YES;
				CLANG_WARN_EMPTY_BODY = YES;
				CLANG_WARN_ENUM_CONVERSION = YES;
				CLANG_WARN_INFINITE_RECURSION = YES;
				CLANG_WARN_INT_CONVERSION = YES;
				CLANG_WARN_NON_LITERAL_NULL_CONVERSION = YES;
				CLANG_WARN_OBJC_IMPLICIT_RETAIN_SELF = YES;
				CLANG_WARN_OBJC_LITERAL_CONVERSION = YES;
				CLANG_WARN_OBJC_ROOT_CLASS = YES_ERROR;
				CLANG_WARN_QUOTED_INCLUDE_IN_FRAMEWORK_HEADER = YES;
				CLANG_WARN_RANGE_LOOP_ANALYSIS = YES;
				CLANG_WARN_STRICT_PROTOTYPES = YES;
				CLANG_WARN_SUSPICIOUS_MOVE = YES;
				CLANG_WARN_UNGUARDED_AVAILABILITY = YES_AGGRESSIVE;
				CLANG_WARN_UNREACHABLE_CODE = YES;
				CLANG_WARN__DUPLICATE_METHOD_MATCH = YES;
				COPY_PHASE_STRIP = NO;
				DEBUG_INFORMATION_FORMAT = "dwarf-with-dsym";
				ENABLE_NS_ASSERTIONS = NO;
				ENABLE_STRICT_OBJC_MSGSEND = YES;
				GCC_C_LANGUAGE_STANDARD = gnu11;
				GCC_NO_COMMON_BLOCKS = YES;
				GCC_WARN_64_TO_32_BIT_CONVERSION = YES;
				GCC_WARN_ABOUT_RETURN_TYPE = YES_ERROR;
				GCC_WARN_UNDECLARED_SELECTOR = YES;
				GCC_WARN_UNINITIALIZED_AUTOS = YES_AGGRESSIVE;
				GCC_WARN_UNUSED_FUNCTION = YES;
				GCC_WARN_UNUSED_VARIABLE = YES;
				IPHONEOS_DEPLOYMENT_TARGET = 14.4;
				MTL_ENABLE_DEBUG_INFO = NO;
				MTL_FAST_MATH = YES;
				SDKROOT = iphoneos;
				SWIFT_COMPILATION_MODE = wholemodule;
				SWIFT_OPTIMIZATION_LEVEL = "-O";
				VALIDATE_PRODUCT = YES;
			};
			name = Release;
		};
		2A7D763326FC229B00E1B17B /* Debug */ = {
			isa = XCBuildConfiguration;
			buildSettings = {
				ASSETCATALOG_COMPILER_APPICON_NAME = AppIcon;
				ASSETCATALOG_COMPILER_GLOBAL_ACCENT_COLOR_NAME = AccentColor;
				CODE_SIGN_STYLE = Automatic;
				DEVELOPMENT_TEAM = 8H5QS73AXD;
				INFOPLIST_FILE = "Image Project/Info.plist";
				LD_RUNPATH_SEARCH_PATHS = (
					"$(inherited)",
					"@executable_path/Frameworks",
				);
				PRODUCT_BUNDLE_IDENTIFIER = "UMass-Amherst.Image-Project";
				PRODUCT_NAME = "$(TARGET_NAME)";
				SWIFT_VERSION = 5.0;
				TARGETED_DEVICE_FAMILY = "1,2";
			};
			name = Debug;
		};
		2A7D763426FC229B00E1B17B /* Release */ = {
			isa = XCBuildConfiguration;
			buildSettings = {
				ASSETCATALOG_COMPILER_APPICON_NAME = AppIcon;
				ASSETCATALOG_COMPILER_GLOBAL_ACCENT_COLOR_NAME = AccentColor;
				CODE_SIGN_STYLE = Automatic;
				DEVELOPMENT_TEAM = 8H5QS73AXD;
				INFOPLIST_FILE = "Image Project/Info.plist";
				LD_RUNPATH_SEARCH_PATHS = (
					"$(inherited)",
					"@executable_path/Frameworks",
				);
				PRODUCT_BUNDLE_IDENTIFIER = "UMass-Amherst.Image-Project";
				PRODUCT_NAME = "$(TARGET_NAME)";
				SWIFT_VERSION = 5.0;
				TARGETED_DEVICE_FAMILY = "1,2";
			};
			name = Release;
		};
		2A7D763626FC229B00E1B17B /* Debug */ = {
			isa = XCBuildConfiguration;
			buildSettings = {
				ALWAYS_EMBED_SWIFT_STANDARD_LIBRARIES = YES;
				BUNDLE_LOADER = "$(TEST_HOST)";
				CODE_SIGN_STYLE = Automatic;
				DEVELOPMENT_TEAM = 8H5QS73AXD;
				INFOPLIST_FILE = "Image ProjectTests/Info.plist";
				IPHONEOS_DEPLOYMENT_TARGET = 14.4;
				LD_RUNPATH_SEARCH_PATHS = (
					"$(inherited)",
					"@executable_path/Frameworks",
					"@loader_path/Frameworks",
				);
				PRODUCT_BUNDLE_IDENTIFIER = "UMass-Amherst.Image-ProjectTests";
				PRODUCT_NAME = "$(TARGET_NAME)";
				SWIFT_VERSION = 5.0;
				TARGETED_DEVICE_FAMILY = "1,2";
				TEST_HOST = "$(BUILT_PRODUCTS_DIR)/Image Project.app/Image Project";
			};
			name = Debug;
		};
		2A7D763726FC229B00E1B17B /* Release */ = {
			isa = XCBuildConfiguration;
			buildSettings = {
				ALWAYS_EMBED_SWIFT_STANDARD_LIBRARIES = YES;
				BUNDLE_LOADER = "$(TEST_HOST)";
				CODE_SIGN_STYLE = Automatic;
				DEVELOPMENT_TEAM = 8H5QS73AXD;
				INFOPLIST_FILE = "Image ProjectTests/Info.plist";
				IPHONEOS_DEPLOYMENT_TARGET = 14.4;
				LD_RUNPATH_SEARCH_PATHS = (
					"$(inherited)",
					"@executable_path/Frameworks",
					"@loader_path/Frameworks",
				);
				PRODUCT_BUNDLE_IDENTIFIER = "UMass-Amherst.Image-ProjectTests";
				PRODUCT_NAME = "$(TARGET_NAME)";
				SWIFT_VERSION = 5.0;
				TARGETED_DEVICE_FAMILY = "1,2";
				TEST_HOST = "$(BUILT_PRODUCTS_DIR)/Image Project.app/Image Project";
			};
			name = Release;
		};
		2A7D763926FC229B00E1B17B /* Debug */ = {
			isa = XCBuildConfiguration;
			buildSettings = {
				ALWAYS_EMBED_SWIFT_STANDARD_LIBRARIES = YES;
				CODE_SIGN_STYLE = Automatic;
				DEVELOPMENT_TEAM = 8H5QS73AXD;
				INFOPLIST_FILE = "Image ProjectUITests/Info.plist";
				LD_RUNPATH_SEARCH_PATHS = (
					"$(inherited)",
					"@executable_path/Frameworks",
					"@loader_path/Frameworks",
				);
				PRODUCT_BUNDLE_IDENTIFIER = "UMass-Amherst.Image-ProjectUITests";
				PRODUCT_NAME = "$(TARGET_NAME)";
				SWIFT_VERSION = 5.0;
				TARGETED_DEVICE_FAMILY = "1,2";
				TEST_TARGET_NAME = "Image Project";
			};
			name = Debug;
		};
		2A7D763A26FC229B00E1B17B /* Release */ = {
			isa = XCBuildConfiguration;
			buildSettings = {
				ALWAYS_EMBED_SWIFT_STANDARD_LIBRARIES = YES;
				CODE_SIGN_STYLE = Automatic;
				DEVELOPMENT_TEAM = 8H5QS73AXD;
				INFOPLIST_FILE = "Image ProjectUITests/Info.plist";
				LD_RUNPATH_SEARCH_PATHS = (
					"$(inherited)",
					"@executable_path/Frameworks",
					"@loader_path/Frameworks",
				);
				PRODUCT_BUNDLE_IDENTIFIER = "UMass-Amherst.Image-ProjectUITests";
				PRODUCT_NAME = "$(TARGET_NAME)";
				SWIFT_VERSION = 5.0;
				TARGETED_DEVICE_FAMILY = "1,2";
				TEST_TARGET_NAME = "Image Project";
			};
			name = Release;
		};
/* End XCBuildConfiguration section */

/* Begin XCConfigurationList section */
		2A7D760326FC229A00E1B17B /* Build configuration list for PBXProject "Image Project" */ = {
			isa = XCConfigurationList;
			buildConfigurations = (
				2A7D763026FC229B00E1B17B /* Debug */,
				2A7D763126FC229B00E1B17B /* Release */,
			);
			defaultConfigurationIsVisible = 0;
			defaultConfigurationName = Release;
		};
		2A7D763226FC229B00E1B17B /* Build configuration list for PBXNativeTarget "Image Project" */ = {
			isa = XCConfigurationList;
			buildConfigurations = (
				2A7D763326FC229B00E1B17B /* Debug */,
				2A7D763426FC229B00E1B17B /* Release */,
			);
			defaultConfigurationIsVisible = 0;
			defaultConfigurationName = Release;
		};
		2A7D763526FC229B00E1B17B /* Build configuration list for PBXNativeTarget "Image ProjectTests" */ = {
			isa = XCConfigurationList;
			buildConfigurations = (
				2A7D763626FC229B00E1B17B /* Debug */,
				2A7D763726FC229B00E1B17B /* Release */,
			);
			defaultConfigurationIsVisible = 0;
			defaultConfigurationName = Release;
		};
		2A7D763826FC229B00E1B17B /* Build configuration list for PBXNativeTarget "Image ProjectUITests" */ = {
			isa = XCConfigurationList;
			buildConfigurations = (
				2A7D763926FC229B00E1B17B /* Debug */,
				2A7D763A26FC229B00E1B17B /* Release */,
			);
			defaultConfigurationIsVisible = 0;
			defaultConfigurationName = Release;
		};
/* End XCConfigurationList section */
	};
	rootObject = 2A7D760026FC229A00E1B17B /* Project object */;
}
